// !$*UTF8*$!
{
	archiveVersion = 1;
	classes = {
	};
	objectVersion = 50;
	objects = {

/* Begin PBXBuildFile section */
		8471494A26A2B67B00CCEDF5 /* CalmifyApp.swift in Sources */ = {isa = PBXBuildFile; fileRef = 8471494926A2B67B00CCEDF5 /* CalmifyApp.swift */; };
		8471494C26A2B67B00CCEDF5 /* ContentView.swift in Sources */ = {isa = PBXBuildFile; fileRef = 8471494B26A2B67B00CCEDF5 /* ContentView.swift */; };
		8471494E26A2B67F00CCEDF5 /* Assets.xcassets in Resources */ = {isa = PBXBuildFile; fileRef = 8471494D26A2B67F00CCEDF5 /* Assets.xcassets */; };
		8471495126A2B67F00CCEDF5 /* Preview Assets.xcassets in Resources */ = {isa = PBXBuildFile; fileRef = 8471495026A2B67F00CCEDF5 /* Preview Assets.xcassets */; };
		8471495926A2BE4000CCEDF5 /* SubviewModel.swift in Sources */ = {isa = PBXBuildFile; fileRef = 8471495826A2BE4000CCEDF5 /* SubviewModel.swift */; };
		8471495B26A2F61200CCEDF5 /* Helper.swift in Sources */ = {isa = PBXBuildFile; fileRef = 8471495A26A2F61200CCEDF5 /* Helper.swift */; };
		8471495D26A2FA1300CCEDF5 /* Subview.swift in Sources */ = {isa = PBXBuildFile; fileRef = 8471495C26A2FA1300CCEDF5 /* Subview.swift */; };
/* End PBXBuildFile section */

/* Begin PBXFileReference section */
		8471494626A2B67B00CCEDF5 /* Calmify.app */ = {isa = PBXFileReference; explicitFileType = wrapper.application; includeInIndex = 0; path = Calmify.app; sourceTree = BUILT_PRODUCTS_DIR; };
		8471494926A2B67B00CCEDF5 /* CalmifyApp.swift */ = {isa = PBXFileReference; lastKnownFileType = sourcecode.swift; path = CalmifyApp.swift; sourceTree = "<group>"; };
		8471494B26A2B67B00CCEDF5 /* ContentView.swift */ = {isa = PBXFileReference; lastKnownFileType = sourcecode.swift; path = ContentView.swift; sourceTree = "<group>"; };
		8471494D26A2B67F00CCEDF5 /* Assets.xcassets */ = {isa = PBXFileReference; lastKnownFileType = folder.assetcatalog; path = Assets.xcassets; sourceTree = "<group>"; };
		8471495026A2B67F00CCEDF5 /* Preview Assets.xcassets */ = {isa = PBXFileReference; lastKnownFileType = folder.assetcatalog; path = "Preview Assets.xcassets"; sourceTree = "<group>"; };
		8471495226A2B67F00CCEDF5 /* Info.plist */ = {isa = PBXFileReference; lastKnownFileType = text.plist.xml; path = Info.plist; sourceTree = "<group>"; };
		8471495826A2BE4000CCEDF5 /* SubviewModel.swift */ = {isa = PBXFileReference; lastKnownFileType = sourcecode.swift; path = SubviewModel.swift; sourceTree = "<group>"; };
		8471495A26A2F61200CCEDF5 /* Helper.swift */ = {isa = PBXFileReference; lastKnownFileType = sourcecode.swift; path = Helper.swift; sourceTree = "<group>"; };
		8471495C26A2FA1300CCEDF5 /* Subview.swift */ = {isa = PBXFileReference; lastKnownFileType = sourcecode.swift; path = Subview.swift; sourceTree = "<group>"; };
/* End PBXFileReference section */

/* Begin PBXFrameworksBuildPhase section */
		8471494326A2B67B00CCEDF5 /* Frameworks */ = {
			isa = PBXFrameworksBuildPhase;
			buildActionMask = 2147483647;
			files = (
			);
			runOnlyForDeploymentPostprocessing = 0;
		};
/* End PBXFrameworksBuildPhase section */

/* Begin PBXGroup section */
		8471493D26A2B67B00CCEDF5 = {
			isa = PBXGroup;
			children = (
				8471494826A2B67B00CCEDF5 /* Calmify */,
				8471494726A2B67B00CCEDF5 /* Products */,
			);
			sourceTree = "<group>";
		};
		8471494726A2B67B00CCEDF5 /* Products */ = {
			isa = PBXGroup;
			children = (
				8471494626A2B67B00CCEDF5 /* Calmify.app */,
			);
			name = Products;
			sourceTree = "<group>";
		};
		8471494826A2B67B00CCEDF5 /* Calmify */ = {
			isa = PBXGroup;
			children = (
				8471494926A2B67B00CCEDF5 /* CalmifyApp.swift */,
				8471495826A2BE4000CCEDF5 /* SubviewModel.swift */,
				8471495A26A2F61200CCEDF5 /* Helper.swift */,
				8471495C26A2FA1300CCEDF5 /* Subview.swift */,
				8471494B26A2B67B00CCEDF5 /* ContentView.swift */,
				8471494D26A2B67F00CCEDF5 /* Assets.xcassets */,
				8471495226A2B67F00CCEDF5 /* Info.plist */,
				8471494F26A2B67F00CCEDF5 /* Preview Content */,
			);
			path = Calmify;
			sourceTree = "<group>";
		};
		8471494F26A2B67F00CCEDF5 /* Preview Content */ = {
			isa = PBXGroup;
			children = (
				8471495026A2B67F00CCEDF5 /* Preview Assets.xcassets */,
			);
			path = "Preview Content";
			sourceTree = "<group>";
		};
/* End PBXGroup section */

/* Begin PBXNativeTarget section */
		8471494526A2B67B00CCEDF5 /* Calmify */ = {
			isa = PBXNativeTarget;
			buildConfigurationList = 8471495526A2B67F00CCEDF5 /* Build configuration list for PBXNativeTarget "Calmify" */;
			buildPhases = (
				8471494226A2B67B00CCEDF5 /* Sources */,
				8471494326A2B67B00CCEDF5 /* Frameworks */,
				8471494426A2B67B00CCEDF5 /* Resources */,
			);
			buildRules = (
			);
			dependencies = (
			);
			name = Calmify;
			productName = Calmify;
			productReference = 8471494626A2B67B00CCEDF5 /* Calmify.app */;
			productType = "com.apple.product-type.application";
		};
/* End PBXNativeTarget section */

/* Begin PBXProject section */
		8471493E26A2B67B00CCEDF5 /* Project object */ = {
			isa = PBXProject;
			attributes = {
				LastSwiftUpdateCheck = 1250;
				LastUpgradeCheck = 1250;
				TargetAttributes = {
					8471494526A2B67B00CCEDF5 = {
						CreatedOnToolsVersion = 12.5.1;
					};
				};
			};
			buildConfigurationList = 8471494126A2B67B00CCEDF5 /* Build configuration list for PBXProject "Calmify" */;
			compatibilityVersion = "Xcode 9.3";
			developmentRegion = en;
			hasScannedForEncodings = 0;
			knownRegions = (
				en,
				Base,
			);
			mainGroup = 8471493D26A2B67B00CCEDF5;
			productRefGroup = 8471494726A2B67B00CCEDF5 /* Products */;
			projectDirPath = "";
			projectRoot = "";
			targets = (
				8471494526A2B67B00CCEDF5 /* Calmify */,
			);
		};
/* End PBXProject section */

/* Begin PBXResourcesBuildPhase section */
		8471494426A2B67B00CCEDF5 /* Resources */ = {
			isa = PBXResourcesBuildPhase;
			buildActionMask = 2147483647;
			files = (
				8471495126A2B67F00CCEDF5 /* Preview Assets.xcassets in Resources */,
				8471494E26A2B67F00CCEDF5 /* Assets.xcassets in Resources */,
			);
			runOnlyForDeploymentPostprocessing = 0;
		};
/* End PBXResourcesBuildPhase section */

/* Begin PBXSourcesBuildPhase section */
		8471494226A2B67B00CCEDF5 /* Sources */ = {
			isa = PBXSourcesBuildPhase;
			buildActionMask = 2147483647;
			files = (
				8471495D26A2FA1300CCEDF5 /* Subview.swift in Sources */,
				8471494C26A2B67B00CCEDF5 /* ContentView.swift in Sources */,
				8471495926A2BE4000CCEDF5 /* SubviewModel.swift in Sources */,
				8471494A26A2B67B00CCEDF5 /* CalmifyApp.swift in Sources */,
				8471495B26A2F61200CCEDF5 /* Helper.swift in Sources */,
			);
			runOnlyForDeploymentPostprocessing = 0;
		};
/* End PBXSourcesBuildPhase section */

/* Begin XCBuildConfiguration section */
		8471495326A2B67F00CCEDF5 /* Debug */ = {
			isa = XCBuildConfiguration;
			buildSettings = {
				ALWAYS_SEARCH_USER_PATHS = NO;
				CLANG_ANALYZER_NONNULL = YES;
				CLANG_ANALYZER_NUMBER_OBJECT_CONVERSION = YES_AGGRESSIVE;
				CLANG_CXX_LANGUAGE_STANDARD = "gnu++14";
				CLANG_CXX_LIBRARY = "libc++";
				CLANG_ENABLE_MODULES = YES;
				CLANG_ENABLE_OBJC_ARC = YES;
				CLANG_ENABLE_OBJC_WEAK = YES;
				CLANG_WARN_BLOCK_CAPTURE_AUTORELEASING = YES;
				CLANG_WARN_BOOL_CONVERSION = YES;
				CLANG_WARN_COMMA = YES;
				CLANG_WARN_CONSTANT_CONVERSION = YES;
				CLANG_WARN_DEPRECATED_OBJC_IMPLEMENTATIONS = YES;
				CLANG_WARN_DIRECT_OBJC_ISA_USAGE = YES_ERROR;
				CLANG_WARN_DOCUMENTATION_COMMENTS = YES;
				CLANG_WARN_EMPTY_BODY = YES;
				CLANG_WARN_ENUM_CONVERSION = YES;
				CLANG_WARN_INFINITE_RECURSION = YES;
				CLANG_WARN_INT_CONVERSION = YES;
				CLANG_WARN_NON_LITERAL_NULL_CONVERSION = YES;
				CLANG_WARN_OBJC_IMPLICIT_RETAIN_SELF = YES;
				CLANG_WARN_OBJC_LITERAL_CONVERSION = YES;
				CLANG_WARN_OBJC_ROOT_CLASS = YES_ERROR;
				CLANG_WARN_QUOTED_INCLUDE_IN_FRAMEWORK_HEADER = YES;
				CLANG_WARN_RANGE_LOOP_ANALYSIS = YES;
				CLANG_WARN_STRICT_PROTOTYPES = YES;
				CLANG_WARN_SUSPICIOUS_MOVE = YES;
				CLANG_WARN_UNGUARDED_AVAILABILITY = YES_AGGRESSIVE;
				CLANG_WARN_UNREACHABLE_CODE = YES;
				CLANG_WARN__DUPLICATE_METHOD_MATCH = YES;
				COPY_PHASE_STRIP = NO;
				DEBUG_INFORMATION_FORMAT = dwarf;
				ENABLE_STRICT_OBJC_MSGSEND = YES;
				ENABLE_TESTABILITY = YES;
				GCC_C_LANGUAGE_STANDARD = gnu11;
				GCC_DYNAMIC_NO_PIC = NO;
				GCC_NO_COMMON_BLOCKS = YES;
				GCC_OPTIMIZATION_LEVEL = 0;
				GCC_PREPROCESSOR_DEFINITIONS = (
					"DEBUG=1",
					"$(inherited)",
				);
				GCC_WARN_64_TO_32_BIT_CONVERSION = YES;
				GCC_WARN_ABOUT_RETURN_TYPE = YES_ERROR;
				GCC_WARN_UNDECLARED_SELECTOR = YES;
				GCC_WARN_UNINITIALIZED_AUTOS = YES_AGGRESSIVE;
				GCC_WARN_UNUSED_FUNCTION = YES;
				GCC_WARN_UNUSED_VARIABLE = YES;
				IPHONEOS_DEPLOYMENT_TARGET = 14.5;
				MTL_ENABLE_DEBUG_INFO = INCLUDE_SOURCE;
				MTL_FAST_MATH = YES;
				ONLY_ACTIVE_ARCH = YES;
				SDKROOT = iphoneos;
				SWIFT_ACTIVE_COMPILATION_CONDITIONS = DEBUG;
				SWIFT_OPTIMIZATION_LEVEL = "-Onone";
			};
			name = Debug;
		};
		8471495426A2B67F00CCEDF5 /* Release */ = {
			isa = XCBuildConfiguration;
			buildSettings = {
				ALWAYS_SEARCH_USER_PATHS = NO;
				CLANG_ANALYZER_NONNULL = YES;
				CLANG_ANALYZER_NUMBER_OBJECT_CONVERSION = YES_AGGRESSIVE;
				CLANG_CXX_LANGUAGE_STANDARD = "gnu++14";
				CLANG_CXX_LIBRARY = "libc++";
				CLANG_ENABLE_MODULES = YES;
				CLANG_ENABLE_OBJC_ARC = YES;
				CLANG_ENABLE_OBJC_WEAK = YES;
				CLANG_WARN_BLOCK_CAPTURE_AUTORELEASING = YES;
				CLANG_WARN_BOOL_CONVERSION = YES;
				CLANG_WARN_COMMA = YES;
				CLANG_WARN_CONSTANT_CONVERSION = YES;
				CLANG_WARN_DEPRECATED_OBJC_IMPLEMENTATIONS = YES;
				CLANG_WARN_DIRECT_OBJC_ISA_USAGE = YES_ERROR;
				CLANG_WARN_DOCUMENTATION_COMMENTS = YES;
				CLANG_WARN_EMPTY_BODY = YES;
				CLANG_WARN_ENUM_CONVERSION = YES;
				CLANG_WARN_INFINITE_RECURSION = YES;
				CLANG_WARN_INT_CONVERSION = YES;
				CLANG_WARN_NON_LITERAL_NULL_CONVERSION = YES;
				CLANG_WARN_OBJC_IMPLICIT_RETAIN_SELF = YES;
				CLANG_WARN_OBJC_LITERAL_CONVERSION = YES;
				CLANG_WARN_OBJC_ROOT_CLASS = YES_ERROR;
				CLANG_WARN_QUOTED_INCLUDE_IN_FRAMEWORK_HEADER = YES;
				CLANG_WARN_RANGE_LOOP_ANALYSIS = YES;
				CLANG_WARN_STRICT_PROTOTYPES = YES;
				CLANG_WARN_SUSPICIOUS_MOVE = YES;
				CLANG_WARN_UNGUARDED_AVAILABILITY = YES_AGGRESSIVE;
				CLANG_WARN_UNREACHABLE_CODE = YES;
				CLANG_WARN__DUPLICATE_METHOD_MATCH = YES;
				COPY_PHASE_STRIP = NO;
				DEBUG_INFORMATION_FORMAT = "dwarf-with-dsym";
				ENABLE_NS_ASSERTIONS = NO;
				ENABLE_STRICT_OBJC_MSGSEND = YES;
				GCC_C_LANGUAGE_STANDARD = gnu11;
				GCC_NO_COMMON_BLOCKS = YES;
				GCC_WARN_64_TO_32_BIT_CONVERSION = YES;
				GCC_WARN_ABOUT_RETURN_TYPE = YES_ERROR;
				GCC_WARN_UNDECLARED_SELECTOR = YES;
				GCC_WARN_UNINITIALIZED_AUTOS = YES_AGGRESSIVE;
				GCC_WARN_UNUSED_FUNCTION = YES;
				GCC_WARN_UNUSED_VARIABLE = YES;
				IPHONEOS_DEPLOYMENT_TARGET = 14.5;
				MTL_ENABLE_DEBUG_INFO = NO;
				MTL_FAST_MATH = YES;
				SDKROOT = iphoneos;
				SWIFT_COMPILATION_MODE = wholemodule;
				SWIFT_OPTIMIZATION_LEVEL = "-O";
				VALIDATE_PRODUCT = YES;
			};
			name = Release;
		};
		8471495626A2B67F00CCEDF5 /* Debug */ = {
			isa = XCBuildConfiguration;
			buildSettings = {
				ASSETCATALOG_COMPILER_APPICON_NAME = AppIcon;
				ASSETCATALOG_COMPILER_GLOBAL_ACCENT_COLOR_NAME = AccentColor;
				CODE_SIGN_STYLE = Automatic;
				DEVELOPMENT_ASSET_PATHS = "\"Calmify/Preview Content\"";
				DEVELOPMENT_TEAM = 2S4TT7686N;
				ENABLE_PREVIEWS = YES;
				INFOPLIST_FILE = Calmify/Info.plist;
				IPHONEOS_DEPLOYMENT_TARGET = 14.0;
				LD_RUNPATH_SEARCH_PATHS = (
					"$(inherited)",
					"@executable_path/Frameworks",
				);
				PRODUCT_BUNDLE_IDENTIFIER = de.mahus.Calmify;
				PRODUCT_NAME = "$(TARGET_NAME)";
				SWIFT_VERSION = 5.0;
				TARGETED_DEVICE_FAMILY = "1,2";
			};
			name = Debug;
		};
		8471495726A2B67F00CCEDF5 /* Release */ = {
			isa = XCBuildConfiguration;
			buildSettings = {
				ASSETCATALOG_COMPILER_APPICON_NAME = AppIcon;
				ASSETCATALOG_COMPILER_GLOBAL_ACCENT_COLOR_NAME = AccentColor;
				CODE_SIGN_STYLE = Automatic;
				DEVELOPMENT_ASSET_PATHS = "\"Calmify/Preview Content\"";
				DEVELOPMENT_TEAM = 2S4TT7686N;
				ENABLE_PREVIEWS = YES;
				INFOPLIST_FILE = Calmify/Info.plist;
				IPHONEOS_DEPLOYMENT_TARGET = 14.0;
				LD_RUNPATH_SEARCH_PATHS = (
					"$(inherited)",
					"@executable_path/Frameworks",
				);
				PRODUCT_BUNDLE_IDENTIFIER = de.mahus.Calmify;
				PRODUCT_NAME = "$(TARGET_NAME)";
				SWIFT_VERSION = 5.0;
				TARGETED_DEVICE_FAMILY = "1,2";
			};
			name = Release;
		};
/* End XCBuildConfiguration section */

/* Begin XCConfigurationList section */
		8471494126A2B67B00CCEDF5 /* Build configuration list for PBXProject "Calmify" */ = {
			isa = XCConfigurationList;
			buildConfigurations = (
				8471495326A2B67F00CCEDF5 /* Debug */,
				8471495426A2B67F00CCEDF5 /* Release */,
			);
			defaultConfigurationIsVisible = 0;
			defaultConfigurationName = Release;
		};
		8471495526A2B67F00CCEDF5 /* Build configuration list for PBXNativeTarget "Calmify" */ = {
			isa = XCConfigurationList;
			buildConfigurations = (
				8471495626A2B67F00CCEDF5 /* Debug */,
				8471495726A2B67F00CCEDF5 /* Release */,
			);
			defaultConfigurationIsVisible = 0;
			defaultConfigurationName = Release;
		};
/* End XCConfigurationList section */
	};
	rootObject = 8471493E26A2B67B00CCEDF5 /* Project object */;
}
